
Microsoft Visual Studio Solution File, Format Version 12.00
# Visual Studio Version 16
VisualStudioVersion = 16.0.30406.217
MinimumVisualStudioVersion = 10.0.40219.1
Project("{FAE04EC0-301F-11D3-BF4B-00C04F79EFBC}") = "testesite", "testesite\testesite.csproj", "{415D7EB4-F69F-4E18-841C-1A1BC6990E31}"
EndProject
Global
	GlobalSection(SolutionConfigurationPlatforms) = preSolution
		Debug|Any CPU = Debug|Any CPU
		Release|Any CPU = Release|Any CPU
	EndGlobalSection
	GlobalSection(ProjectConfigurationPlatforms) = postSolution
		{415D7EB4-F69F-4E18-841C-1A1BC6990E31}.Debug|Any CPU.ActiveCfg = Debug|Any CPU
		{415D7EB4-F69F-4E18-841C-1A1BC6990E31}.Debug|Any CPU.Build.0 = Debug|Any CPU
		{415D7EB4-F69F-4E18-841C-1A1BC6990E31}.Release|Any CPU.ActiveCfg = Release|Any CPU
		{415D7EB4-F69F-4E18-841C-1A1BC6990E31}.Release|Any CPU.Build.0 = Release|Any CPU
	EndGlobalSection
	GlobalSection(SolutionProperties) = preSolution
		HideSolutionNode = FALSE
	EndGlobalSection
	GlobalSection(ExtensibilityGlobals) = postSolution
		SolutionGuid = {4C563CC5-B188-4593-A96F-A67B39932A46}
	EndGlobalSection
EndGlobal
